
Microsoft Visual Studio Solution File, Format Version 12.00
# Visual Studio Version 16
VisualStudioVersion = 16.0.28803.452
MinimumVisualStudioVersion = 10.0.40219.1
Project("{8BC9CEB8-8B4A-11D0-8D11-00A0C91BC942}") = "dungreed", "dungreed\dungreed.vcxproj", "{50221BE9-B355-4185-A5B6-6B571839D403}"
EndProject
Global
	GlobalSection(SolutionConfigurationPlatforms) = preSolution
		Debug|x64 = Debug|x64
		Debug|x86 = Debug|x86
		Release|x64 = Release|x64
		Release|x86 = Release|x86
	EndGlobalSection
	GlobalSection(ProjectConfigurationPlatforms) = postSolution
		{50221BE9-B355-4185-A5B6-6B571839D403}.Debug|x64.ActiveCfg = Debug|x64
		{50221BE9-B355-4185-A5B6-6B571839D403}.Debug|x64.Build.0 = Debug|x64
		{50221BE9-B355-4185-A5B6-6B571839D403}.Debug|x86.ActiveCfg = Debug|Win32
		{50221BE9-B355-4185-A5B6-6B571839D403}.Debug|x86.Build.0 = Debug|Win32
		{50221BE9-B355-4185-A5B6-6B571839D403}.Release|x64.ActiveCfg = Release|x64
		{50221BE9-B355-4185-A5B6-6B571839D403}.Release|x64.Build.0 = Release|x64
		{50221BE9-B355-4185-A5B6-6B571839D403}.Release|x86.ActiveCfg = Release|Win32
		{50221BE9-B355-4185-A5B6-6B571839D403}.Release|x86.Build.0 = Release|Win32
	EndGlobalSection
	GlobalSection(SolutionProperties) = preSolution
		HideSolutionNode = FALSE
	EndGlobalSection
	GlobalSection(ExtensibilityGlobals) = postSolution
		SolutionGuid = {9BE04C84-B548-4913-BB17-A136ABCC10D1}
	EndGlobalSection
EndGlobal
