
Microsoft Visual Studio Solution File, Format Version 12.00
# Visual Studio Version 16
VisualStudioVersion = 16.0.28803.452
MinimumVisualStudioVersion = 10.0.40219.1
Project("{8BC9CEB8-8B4A-11D0-8D11-00A0C91BC942}") = "Pokemon_client", "Pokemon_client\nginx_client.vcxproj", "{50221BE9-B355-4185-A5B6-6B571839D403}"
EndProject
Project("{8BC9CEB8-8B4A-11D0-8D11-00A0C91BC942}") = "Pokemon_server", "Pokemon_server\nginx_server.vcxproj", "{CD4DECB6-84C1-4D8F-A324-8208715C468E}"
EndProject
Project("{FAE04EC0-301F-11D3-BF4B-00C04F79EFBC}") = "pokemonGameLauncher", "pokemonGameLauncher\pokemonGameLauncher.csproj", "{00F67CD0-6BAA-40BD-B0A2-16EA6B7FFF94}"
EndProject
Global
	GlobalSection(SolutionConfigurationPlatforms) = preSolution
		Debug|Any CPU = Debug|Any CPU
		Debug|x64 = Debug|x64
		Debug|x86 = Debug|x86
		Release|Any CPU = Release|Any CPU
		Release|x64 = Release|x64
		Release|x86 = Release|x86
	EndGlobalSection
	GlobalSection(ProjectConfigurationPlatforms) = postSolution
		{50221BE9-B355-4185-A5B6-6B571839D403}.Debug|Any CPU.ActiveCfg = Debug|Win32
		{50221BE9-B355-4185-A5B6-6B571839D403}.Debug|x64.ActiveCfg = Debug|x64
		{50221BE9-B355-4185-A5B6-6B571839D403}.Debug|x64.Build.0 = Debug|x64
		{50221BE9-B355-4185-A5B6-6B571839D403}.Debug|x86.ActiveCfg = Debug|Win32
		{50221BE9-B355-4185-A5B6-6B571839D403}.Debug|x86.Build.0 = Debug|Win32
		{50221BE9-B355-4185-A5B6-6B571839D403}.Release|Any CPU.ActiveCfg = Release|Win32
		{50221BE9-B355-4185-A5B6-6B571839D403}.Release|x64.ActiveCfg = Release|x64
		{50221BE9-B355-4185-A5B6-6B571839D403}.Release|x64.Build.0 = Release|x64
		{50221BE9-B355-4185-A5B6-6B571839D403}.Release|x86.ActiveCfg = Release|Win32
		{50221BE9-B355-4185-A5B6-6B571839D403}.Release|x86.Build.0 = Release|Win32
		{CD4DECB6-84C1-4D8F-A324-8208715C468E}.Debug|Any CPU.ActiveCfg = Debug|Win32
		{CD4DECB6-84C1-4D8F-A324-8208715C468E}.Debug|x64.ActiveCfg = Debug|x64
		{CD4DECB6-84C1-4D8F-A324-8208715C468E}.Debug|x64.Build.0 = Debug|x64
		{CD4DECB6-84C1-4D8F-A324-8208715C468E}.Debug|x86.ActiveCfg = Debug|Win32
		{CD4DECB6-84C1-4D8F-A324-8208715C468E}.Debug|x86.Build.0 = Debug|Win32
		{CD4DECB6-84C1-4D8F-A324-8208715C468E}.Release|Any CPU.ActiveCfg = Release|Win32
		{CD4DECB6-84C1-4D8F-A324-8208715C468E}.Release|x64.ActiveCfg = Release|x64
		{CD4DECB6-84C1-4D8F-A324-8208715C468E}.Release|x64.Build.0 = Release|x64
		{CD4DECB6-84C1-4D8F-A324-8208715C468E}.Release|x86.ActiveCfg = Release|Win32
		{CD4DECB6-84C1-4D8F-A324-8208715C468E}.Release|x86.Build.0 = Release|Win32
		{00F67CD0-6BAA-40BD-B0A2-16EA6B7FFF94}.Debug|Any CPU.ActiveCfg = Debug|Any CPU
		{00F67CD0-6BAA-40BD-B0A2-16EA6B7FFF94}.Debug|Any CPU.Build.0 = Debug|Any CPU
		{00F67CD0-6BAA-40BD-B0A2-16EA6B7FFF94}.Debug|x64.ActiveCfg = Debug|Any CPU
		{00F67CD0-6BAA-40BD-B0A2-16EA6B7FFF94}.Debug|x64.Build.0 = Debug|Any CPU
		{00F67CD0-6BAA-40BD-B0A2-16EA6B7FFF94}.Debug|x86.ActiveCfg = Debug|Any CPU
		{00F67CD0-6BAA-40BD-B0A2-16EA6B7FFF94}.Debug|x86.Build.0 = Debug|Any CPU
		{00F67CD0-6BAA-40BD-B0A2-16EA6B7FFF94}.Release|Any CPU.ActiveCfg = Release|Any CPU
		{00F67CD0-6BAA-40BD-B0A2-16EA6B7FFF94}.Release|Any CPU.Build.0 = Release|Any CPU
		{00F67CD0-6BAA-40BD-B0A2-16EA6B7FFF94}.Release|x64.ActiveCfg = Release|Any CPU
		{00F67CD0-6BAA-40BD-B0A2-16EA6B7FFF94}.Release|x64.Build.0 = Release|Any CPU
		{00F67CD0-6BAA-40BD-B0A2-16EA6B7FFF94}.Release|x86.ActiveCfg = Release|Any CPU
		{00F67CD0-6BAA-40BD-B0A2-16EA6B7FFF94}.Release|x86.Build.0 = Release|Any CPU
	EndGlobalSection
	GlobalSection(SolutionProperties) = preSolution
		HideSolutionNode = FALSE
	EndGlobalSection
	GlobalSection(ExtensibilityGlobals) = postSolution
		SolutionGuid = {9BE04C84-B548-4913-BB17-A136ABCC10D1}
	EndGlobalSection
EndGlobal
